
Microsoft Visual Studio Solution File, Format Version 11.00
# Visual Studio 2010
Project("{FAE04EC0-301F-11D3-BF4B-00C04F79EFBC}") = "Simsang", "Simsang\Simsang.csproj", "{24E79FC6-7777-4BE5-8F11-8C53E109D745}"
EndProject
Project("{FAE04EC0-301F-11D3-BF4B-00C04F79EFBC}") = "PluginInterface", "Interface\PluginInterface.csproj", "{0494ACA5-DB6C-4C0B-A610-6156C3EB7761}"
EndProject
Project("{FAE04EC0-301F-11D3-BF4B-00C04F79EFBC}") = "Plugin_Systems", "Plugin_Hosts\Plugin_Systems.csproj", "{32D8CB30-CA97-4516-9114-121667C06013}"
EndProject
Project("{FAE04EC0-301F-11D3-BF4B-00C04F79EFBC}") = "Plugin_Sessions", "Plugin_Sessions\Plugin_Sessions.csproj", "{6119FBE1-E922-48F5-AAD2-B2E6B577C227}"
EndProject
Project("{FAE04EC0-301F-11D3-BF4B-00C04F79EFBC}") = "Plugin_UsedApps", "Plugin_InstalledApps\Plugin_UsedApps.csproj", "{622A787D-4ACE-4332-8D90-ACA3405CB10B}"
EndProject
Project("{FAE04EC0-301F-11D3-BF4B-00C04F79EFBC}") = "Plugin_DNSPoison", "Plugin_DNSPoison\Plugin_DNSPoison.csproj", "{38988610-F24B-4D5D-A51C-883629D197EE}"
EndProject
Project("{FAE04EC0-301F-11D3-BF4B-00C04F79EFBC}") = "Plugin_HTTPProxy", "Plugin_PasswordProxy\Plugin_HTTPProxy.csproj", "{9D94A904-FE28-4616-A371-4D4110BDD3FC}"
EndProject
Project("{8BC9CEB8-8B4A-11D0-8D11-00A0C91BC942}") = "APE", "APE\APE.vcxproj", "{EE757BA9-3018-40F6-A4BF-B801DD65FF66}"
EndProject
Project("{8BC9CEB8-8B4A-11D0-8D11-00A0C91BC942}") = "DNSHijack", "DNSHijack\DNSHijack.vcxproj", "{CB9616AC-F686-4E65-AA92-5816855A1910}"
EndProject
Project("{FAE04EC0-301F-11D3-BF4B-00C04F79EFBC}") = "Plugin_DNSRequests", "Plugin_DNSRequests\Plugin_DNSRequests.csproj", "{ED75AD9C-F1D0-40A9-A909-8CF696DE0410}"
EndProject
Project("{FAE04EC0-301F-11D3-BF4B-00C04F79EFBC}") = "Plugin_HTTPRequests", "Plugin_HTTPRequests\Plugin_HTTPRequests.csproj", "{72A87F34-68CE-430A-8047-970E5EEDDD81}"
EndProject
Project("{2150E333-8FDC-42A3-9474-1A3956D46DE8}") = "Solution Items", "Solution Items", "{7036F9EF-E70E-4824-B776-17C6D200457B}"
	ProjectSection(SolutionItems) = preProject
		Readme.txt = Readme.txt
		ToDoList.txt = ToDoList.txt
	EndProjectSection
EndProject
Project("{8BC9CEB8-8B4A-11D0-8D11-00A0C91BC942}") = "IPAccounting", "IPAccounting\IPAccounting.vcxproj", "{DA3AC29F-CBA1-4EC6-A45A-3A46874D3968}"
EndProject
Project("{FAE04EC0-301F-11D3-BF4B-00C04F79EFBC}") = "Plugin_IPAccounting", "Plugin_IPAccounting\Plugin_IPAccounting.csproj", "{ABBED088-C034-4DD8-84C3-4A62559E5535}"
EndProject
Project("{8BC9CEB8-8B4A-11D0-8D11-00A0C91BC942}") = "HTTPGun", "HTTPGun\HTTPGun.vcxproj", "{EF31C7FF-4EB2-4943-8E7B-880C3D2681E9}"
EndProject
Project("{8BC9CEB8-8B4A-11D0-8D11-00A0C91BC942}") = "ARPScan", "ARPScan\ARPScan.vcxproj", "{39708419-5C18-4746-99FA-02682CF27621}"
EndProject
Project("{FAE04EC0-301F-11D3-BF4B-00C04F79EFBC}") = "Plugin_Firewall", "Plugin_Firewall\Plugin_Firewall.csproj", "{C8587602-0BE2-4D57-8A1D-1EBCDD5878B6}"
EndProject
Project("{8BC9CEB8-8B4A-11D0-8D11-00A0C91BC942}") = "_DNSResponseParser", "DNSResponseParser\DNSResponseParser.vcxproj", "{30653877-67F5-40BB-A337-172049751AF4}"
EndProject
Project("{FAE04EC0-301F-11D3-BF4B-00C04F79EFBC}") = "HTTPReverseProxyServer", "HTTPReverseProxy\HTTPReverseProxyServer.csproj", "{8D73A1BE-868C-42D2-9ECE-F32CC1A02906}"
EndProject
Project("{FAE04EC0-301F-11D3-BF4B-00C04F79EFBC}") = "HTTPSReverseProxyServer", "HTTPSReverseProxy\HTTPSReverseProxyServer.csproj", "{E46168F3-7243-4EF7-A19A-7E547832E69E}"
EndProject
Project("{FAE04EC0-301F-11D3-BF4B-00C04F79EFBC}") = "MiniBrowser", "MiniBrowser\MiniBrowser.csproj", "{95526DAD-B421-4364-968F-59B1E082B22B}"
EndProject
Project("{FAE04EC0-301F-11D3-BF4B-00C04F79EFBC}") = "Plugin_HTTPInject", "Plugin_HTTPInject\Plugin_HTTPInject.csproj", "{A12A2294-C0A6-4EB2-A41D-CF868FA14B8E}"
EndProject
Project("{8BC9CEB8-8B4A-11D0-8D11-00A0C91BC942}") = "MicroWeb", "MicroWeb\MicroWeb.vcxproj", "{7CACE570-F298-4224-BFE0-B08D8CDC02D8}"
EndProject
Project("{8BC9CEB8-8B4A-11D0-8D11-00A0C91BC942}") = "Payload", "Payload\Payload.vcxproj", "{153B1D81-ABB3-4D43-A60D-EF379CCDEF53}"
EndProject
Project("{FAE04EC0-301F-11D3-BF4B-00C04F79EFBC}") = "POP3SReverseProxyServer", "POP3SReverseProxyServer\POP3SReverseProxyServer.csproj", "{8F32617F-2809-4DA1-A35F-8A84F9B141C8}"
EndProject
Project("{FAE04EC0-301F-11D3-BF4B-00C04F79EFBC}") = "Plugin_POP3Proxy", "Plugin_POP3Proxy\Plugin_POP3Proxy.csproj", "{867A497A-A12F-41FC-929A-DE8F5D3AAEA8}"
EndProject
Project("{2150E333-8FDC-42A3-9474-1A3956D46DE8}") = "Tools", "Tools", "{55D3302D-F7A7-40D9-8DAF-7072F171C6A6}"
EndProject
Project("{2150E333-8FDC-42A3-9474-1A3956D46DE8}") = "Plugins", "Plugins", "{9B621DFB-41D8-45E2-9395-20A136D7A161}"
EndProject
Project("{2150E333-8FDC-42A3-9474-1A3956D46DE8}") = "Libs", "Libs", "{5D500B72-555F-403D-B5D2-D28B411A2156}"
EndProject
Project("{FAE04EC0-301F-11D3-BF4B-00C04F79EFBC}") = "POP3ReverseProxyServer", "POP3ReverseProxyServer\POP3ReverseProxyServer.csproj", "{99A6A8BB-5959-473B-8C72-51367A687A63}"
EndProject
Project("{FAE04EC0-301F-11D3-BF4B-00C04F79EFBC}") = "Plugin_IMAP4Proxy", "Plugin_IMAP4Proxy\Plugin_IMAP4Proxy.csproj", "{3E0C0E3D-ED49-4277-98DD-DD699CC56555}"
EndProject
Project("{FAE04EC0-301F-11D3-BF4B-00C04F79EFBC}") = "IMAP4ReverseProxyServer", "IMAP4ReverseProxyServer\IMAP4ReverseProxyServer.csproj", "{E35D3C42-2AE1-4B9B-87D4-E29400FC1FD3}"
EndProject
Project("{FAE04EC0-301F-11D3-BF4B-00C04F79EFBC}") = "IMAP4SReverseProxyServer", "IMAP4SReverseProxyServer\IMAP4SReverseProxyServer.csproj", "{8B39B203-39E3-45FA-BDEE-C4BACBB07E3B}"
EndProject
Project("{FAE04EC0-301F-11D3-BF4B-00C04F79EFBC}") = "Plugin_DropzoneAccounts", "Plugin_DropZoneAccountss\Plugin_DropzoneAccounts.csproj", "{A9FAB8B3-7275-4EED-AB38-A495DD56CCEB}"
EndProject
Project("{8BC9CEB8-8B4A-11D0-8D11-00A0C91BC942}") = "PacketBuilder2", "PacketBuilder2\PacketBuilder2.vcxproj", "{16E4CE4D-04E6-4D8F-B479-72427F36AA0E}"
EndProject
Project("{8BC9CEB8-8B4A-11D0-8D11-00A0C91BC942}") = "DHCPoison", "DHCPoison\DHCPoison.vcxproj", "{8B1EB1AF-9926-4AF4-9F01-A35C6DDD34A9}"
EndProject
Project("{2150E333-8FDC-42A3-9474-1A3956D46DE8}") = "UnitTests", "UnitTests", "{62A80090-1E03-41FD-8BBF-2FDC00358FBD}"
EndProject
Project("{2150E333-8FDC-42A3-9474-1A3956D46DE8}") = "Simsang", "Simsang", "{D927C569-84A0-4663-AA24-2C7272695BD7}"
EndProject
Project("{FAE04EC0-301F-11D3-BF4B-00C04F79EFBC}") = "NUnitTests_Plugins", "NUnitTests\NUnitTests_Plugins.csproj", "{94F87C36-C15D-40CE-94A9-6EF9A041BE5A}"
EndProject
Project("{FAE04EC0-301F-11D3-BF4B-00C04F79EFBC}") = "NUnitTests_Simsang", "NUnitTests_Simsang\NUnitTests_Simsang.csproj", "{902F2679-F0FB-4C2E-BE0A-C8E8F7CEC35C}"
EndProject
Global
	GlobalSection(SolutionConfigurationPlatforms) = preSolution
		Debug|Any CPU = Debug|Any CPU
		Debug|Mixed Platforms = Debug|Mixed Platforms
		Debug|Win32 = Debug|Win32
		Debug|x86 = Debug|x86
		Release|Any CPU = Release|Any CPU
		Release|Mixed Platforms = Release|Mixed Platforms
		Release|Win32 = Release|Win32
		Release|x86 = Release|x86
	EndGlobalSection
	GlobalSection(ProjectConfigurationPlatforms) = postSolution
		{24E79FC6-7777-4BE5-8F11-8C53E109D745}.Debug|Any CPU.ActiveCfg = Debug|Any CPU
		{24E79FC6-7777-4BE5-8F11-8C53E109D745}.Debug|Any CPU.Build.0 = Debug|Any CPU
		{24E79FC6-7777-4BE5-8F11-8C53E109D745}.Debug|Mixed Platforms.ActiveCfg = Debug|Any CPU
		{24E79FC6-7777-4BE5-8F11-8C53E109D745}.Debug|Mixed Platforms.Build.0 = Debug|Any CPU
		{24E79FC6-7777-4BE5-8F11-8C53E109D745}.Debug|Win32.ActiveCfg = Debug|Any CPU
		{24E79FC6-7777-4BE5-8F11-8C53E109D745}.Debug|x86.ActiveCfg = Debug|Any CPU
		{24E79FC6-7777-4BE5-8F11-8C53E109D745}.Release|Any CPU.ActiveCfg = Release|Any CPU
		{24E79FC6-7777-4BE5-8F11-8C53E109D745}.Release|Any CPU.Build.0 = Release|Any CPU
		{24E79FC6-7777-4BE5-8F11-8C53E109D745}.Release|Mixed Platforms.ActiveCfg = Release|Any CPU
		{24E79FC6-7777-4BE5-8F11-8C53E109D745}.Release|Mixed Platforms.Build.0 = Release|Any CPU
		{24E79FC6-7777-4BE5-8F11-8C53E109D745}.Release|Win32.ActiveCfg = Release|Any CPU
		{24E79FC6-7777-4BE5-8F11-8C53E109D745}.Release|Win32.Build.0 = Release|Any CPU
		{24E79FC6-7777-4BE5-8F11-8C53E109D745}.Release|x86.ActiveCfg = Release|Any CPU
		{0494ACA5-DB6C-4C0B-A610-6156C3EB7761}.Debug|Any CPU.ActiveCfg = Debug|Any CPU
		{0494ACA5-DB6C-4C0B-A610-6156C3EB7761}.Debug|Any CPU.Build.0 = Debug|Any CPU
		{0494ACA5-DB6C-4C0B-A610-6156C3EB7761}.Debug|Mixed Platforms.ActiveCfg = Debug|Any CPU
		{0494ACA5-DB6C-4C0B-A610-6156C3EB7761}.Debug|Mixed Platforms.Build.0 = Debug|Any CPU
		{0494ACA5-DB6C-4C0B-A610-6156C3EB7761}.Debug|Win32.ActiveCfg = Debug|Any CPU
		{0494ACA5-DB6C-4C0B-A610-6156C3EB7761}.Debug|x86.ActiveCfg = Debug|Any CPU
		{0494ACA5-DB6C-4C0B-A610-6156C3EB7761}.Release|Any CPU.ActiveCfg = Release|Any CPU
		{0494ACA5-DB6C-4C0B-A610-6156C3EB7761}.Release|Any CPU.Build.0 = Release|Any CPU
		{0494ACA5-DB6C-4C0B-A610-6156C3EB7761}.Release|Mixed Platforms.ActiveCfg = Release|Any CPU
		{0494ACA5-DB6C-4C0B-A610-6156C3EB7761}.Release|Mixed Platforms.Build.0 = Release|Any CPU
		{0494ACA5-DB6C-4C0B-A610-6156C3EB7761}.Release|Win32.ActiveCfg = Release|Any CPU
		{0494ACA5-DB6C-4C0B-A610-6156C3EB7761}.Release|Win32.Build.0 = Release|Any CPU
		{0494ACA5-DB6C-4C0B-A610-6156C3EB7761}.Release|x86.ActiveCfg = Release|Any CPU
		{32D8CB30-CA97-4516-9114-121667C06013}.Debug|Any CPU.ActiveCfg = Debug|Any CPU
		{32D8CB30-CA97-4516-9114-121667C06013}.Debug|Any CPU.Build.0 = Debug|Any CPU
		{32D8CB30-CA97-4516-9114-121667C06013}.Debug|Mixed Platforms.ActiveCfg = Debug|Any CPU
		{32D8CB30-CA97-4516-9114-121667C06013}.Debug|Mixed Platforms.Build.0 = Debug|Any CPU
		{32D8CB30-CA97-4516-9114-121667C06013}.Debug|Win32.ActiveCfg = Debug|Any CPU
		{32D8CB30-CA97-4516-9114-121667C06013}.Debug|x86.ActiveCfg = Debug|Any CPU
		{32D8CB30-CA97-4516-9114-121667C06013}.Release|Any CPU.ActiveCfg = Release|Any CPU
		{32D8CB30-CA97-4516-9114-121667C06013}.Release|Any CPU.Build.0 = Release|Any CPU
		{32D8CB30-CA97-4516-9114-121667C06013}.Release|Mixed Platforms.ActiveCfg = Release|Any CPU
		{32D8CB30-CA97-4516-9114-121667C06013}.Release|Mixed Platforms.Build.0 = Release|Any CPU
		{32D8CB30-CA97-4516-9114-121667C06013}.Release|Win32.ActiveCfg = Release|Any CPU
		{32D8CB30-CA97-4516-9114-121667C06013}.Release|Win32.Build.0 = Release|Any CPU
		{32D8CB30-CA97-4516-9114-121667C06013}.Release|x86.ActiveCfg = Release|Any CPU
		{6119FBE1-E922-48F5-AAD2-B2E6B577C227}.Debug|Any CPU.ActiveCfg = Debug|Any CPU
		{6119FBE1-E922-48F5-AAD2-B2E6B577C227}.Debug|Any CPU.Build.0 = Debug|Any CPU
		{6119FBE1-E922-48F5-AAD2-B2E6B577C227}.Debug|Mixed Platforms.ActiveCfg = Debug|Any CPU
		{6119FBE1-E922-48F5-AAD2-B2E6B577C227}.Debug|Mixed Platforms.Build.0 = Debug|Any CPU
		{6119FBE1-E922-48F5-AAD2-B2E6B577C227}.Debug|Win32.ActiveCfg = Debug|Any CPU
		{6119FBE1-E922-48F5-AAD2-B2E6B577C227}.Debug|x86.ActiveCfg = Debug|Any CPU
		{6119FBE1-E922-48F5-AAD2-B2E6B577C227}.Release|Any CPU.ActiveCfg = Release|Any CPU
		{6119FBE1-E922-48F5-AAD2-B2E6B577C227}.Release|Any CPU.Build.0 = Release|Any CPU
		{6119FBE1-E922-48F5-AAD2-B2E6B577C227}.Release|Mixed Platforms.ActiveCfg = Release|Any CPU
		{6119FBE1-E922-48F5-AAD2-B2E6B577C227}.Release|Mixed Platforms.Build.0 = Release|Any CPU
		{6119FBE1-E922-48F5-AAD2-B2E6B577C227}.Release|Win32.ActiveCfg = Release|Any CPU
		{6119FBE1-E922-48F5-AAD2-B2E6B577C227}.Release|Win32.Build.0 = Release|Any CPU
		{6119FBE1-E922-48F5-AAD2-B2E6B577C227}.Release|x86.ActiveCfg = Release|Any CPU
		{622A787D-4ACE-4332-8D90-ACA3405CB10B}.Debug|Any CPU.ActiveCfg = Debug|Any CPU
		{622A787D-4ACE-4332-8D90-ACA3405CB10B}.Debug|Any CPU.Build.0 = Debug|Any CPU
		{622A787D-4ACE-4332-8D90-ACA3405CB10B}.Debug|Mixed Platforms.ActiveCfg = Debug|Any CPU
		{622A787D-4ACE-4332-8D90-ACA3405CB10B}.Debug|Mixed Platforms.Build.0 = Debug|Any CPU
		{622A787D-4ACE-4332-8D90-ACA3405CB10B}.Debug|Win32.ActiveCfg = Debug|Any CPU
		{622A787D-4ACE-4332-8D90-ACA3405CB10B}.Debug|x86.ActiveCfg = Debug|Any CPU
		{622A787D-4ACE-4332-8D90-ACA3405CB10B}.Release|Any CPU.ActiveCfg = Release|Any CPU
		{622A787D-4ACE-4332-8D90-ACA3405CB10B}.Release|Any CPU.Build.0 = Release|Any CPU
		{622A787D-4ACE-4332-8D90-ACA3405CB10B}.Release|Mixed Platforms.ActiveCfg = Release|Any CPU
		{622A787D-4ACE-4332-8D90-ACA3405CB10B}.Release|Mixed Platforms.Build.0 = Release|Any CPU
		{622A787D-4ACE-4332-8D90-ACA3405CB10B}.Release|Win32.ActiveCfg = Release|Any CPU
		{622A787D-4ACE-4332-8D90-ACA3405CB10B}.Release|Win32.Build.0 = Release|Any CPU
		{622A787D-4ACE-4332-8D90-ACA3405CB10B}.Release|x86.ActiveCfg = Release|Any CPU
		{38988610-F24B-4D5D-A51C-883629D197EE}.Debug|Any CPU.ActiveCfg = Debug|Any CPU
		{38988610-F24B-4D5D-A51C-883629D197EE}.Debug|Any CPU.Build.0 = Debug|Any CPU
		{38988610-F24B-4D5D-A51C-883629D197EE}.Debug|Mixed Platforms.ActiveCfg = Debug|Any CPU
		{38988610-F24B-4D5D-A51C-883629D197EE}.Debug|Mixed Platforms.Build.0 = Debug|Any CPU
		{38988610-F24B-4D5D-A51C-883629D197EE}.Debug|Win32.ActiveCfg = Debug|Any CPU
		{38988610-F24B-4D5D-A51C-883629D197EE}.Debug|x86.ActiveCfg = Debug|Any CPU
		{38988610-F24B-4D5D-A51C-883629D197EE}.Release|Any CPU.ActiveCfg = Release|Any CPU
		{38988610-F24B-4D5D-A51C-883629D197EE}.Release|Any CPU.Build.0 = Release|Any CPU
		{38988610-F24B-4D5D-A51C-883629D197EE}.Release|Mixed Platforms.ActiveCfg = Release|Any CPU
		{38988610-F24B-4D5D-A51C-883629D197EE}.Release|Mixed Platforms.Build.0 = Release|Any CPU
		{38988610-F24B-4D5D-A51C-883629D197EE}.Release|Win32.ActiveCfg = Release|Any CPU
		{38988610-F24B-4D5D-A51C-883629D197EE}.Release|Win32.Build.0 = Release|Any CPU
		{38988610-F24B-4D5D-A51C-883629D197EE}.Release|x86.ActiveCfg = Release|Any CPU
		{9D94A904-FE28-4616-A371-4D4110BDD3FC}.Debug|Any CPU.ActiveCfg = Debug|Any CPU
		{9D94A904-FE28-4616-A371-4D4110BDD3FC}.Debug|Any CPU.Build.0 = Debug|Any CPU
		{9D94A904-FE28-4616-A371-4D4110BDD3FC}.Debug|Mixed Platforms.ActiveCfg = Debug|Any CPU
		{9D94A904-FE28-4616-A371-4D4110BDD3FC}.Debug|Mixed Platforms.Build.0 = Debug|Any CPU
		{9D94A904-FE28-4616-A371-4D4110BDD3FC}.Debug|Win32.ActiveCfg = Debug|Any CPU
		{9D94A904-FE28-4616-A371-4D4110BDD3FC}.Debug|x86.ActiveCfg = Debug|Any CPU
		{9D94A904-FE28-4616-A371-4D4110BDD3FC}.Release|Any CPU.ActiveCfg = Release|Any CPU
		{9D94A904-FE28-4616-A371-4D4110BDD3FC}.Release|Any CPU.Build.0 = Release|Any CPU
		{9D94A904-FE28-4616-A371-4D4110BDD3FC}.Release|Mixed Platforms.ActiveCfg = Release|Any CPU
		{9D94A904-FE28-4616-A371-4D4110BDD3FC}.Release|Mixed Platforms.Build.0 = Release|Any CPU
		{9D94A904-FE28-4616-A371-4D4110BDD3FC}.Release|Win32.ActiveCfg = Release|Any CPU
		{9D94A904-FE28-4616-A371-4D4110BDD3FC}.Release|Win32.Build.0 = Release|Any CPU
		{9D94A904-FE28-4616-A371-4D4110BDD3FC}.Release|x86.ActiveCfg = Release|Any CPU
		{EE757BA9-3018-40F6-A4BF-B801DD65FF66}.Debug|Any CPU.ActiveCfg = Debug|Win32
		{EE757BA9-3018-40F6-A4BF-B801DD65FF66}.Debug|Mixed Platforms.ActiveCfg = Debug|Win32
		{EE757BA9-3018-40F6-A4BF-B801DD65FF66}.Debug|Mixed Platforms.Build.0 = Debug|Win32
		{EE757BA9-3018-40F6-A4BF-B801DD65FF66}.Debug|Win32.ActiveCfg = Debug|Win32
		{EE757BA9-3018-40F6-A4BF-B801DD65FF66}.Debug|Win32.Build.0 = Debug|Win32
		{EE757BA9-3018-40F6-A4BF-B801DD65FF66}.Debug|x86.ActiveCfg = Debug|Win32
		{EE757BA9-3018-40F6-A4BF-B801DD65FF66}.Release|Any CPU.ActiveCfg = Release|Win32
		{EE757BA9-3018-40F6-A4BF-B801DD65FF66}.Release|Mixed Platforms.ActiveCfg = Release|Win32
		{EE757BA9-3018-40F6-A4BF-B801DD65FF66}.Release|Mixed Platforms.Build.0 = Release|Win32
		{EE757BA9-3018-40F6-A4BF-B801DD65FF66}.Release|Win32.ActiveCfg = Release|Win32
		{EE757BA9-3018-40F6-A4BF-B801DD65FF66}.Release|Win32.Build.0 = Release|Win32
		{EE757BA9-3018-40F6-A4BF-B801DD65FF66}.Release|x86.ActiveCfg = Release|Win32
		{CB9616AC-F686-4E65-AA92-5816855A1910}.Debug|Any CPU.ActiveCfg = Debug|Win32
		{CB9616AC-F686-4E65-AA92-5816855A1910}.Debug|Mixed Platforms.ActiveCfg = Debug|Win32
		{CB9616AC-F686-4E65-AA92-5816855A1910}.Debug|Mixed Platforms.Build.0 = Debug|Win32
		{CB9616AC-F686-4E65-AA92-5816855A1910}.Debug|Win32.ActiveCfg = Debug|Win32
		{CB9616AC-F686-4E65-AA92-5816855A1910}.Debug|Win32.Build.0 = Debug|Win32
		{CB9616AC-F686-4E65-AA92-5816855A1910}.Debug|x86.ActiveCfg = Debug|Win32
		{CB9616AC-F686-4E65-AA92-5816855A1910}.Release|Any CPU.ActiveCfg = Release|Win32
		{CB9616AC-F686-4E65-AA92-5816855A1910}.Release|Mixed Platforms.ActiveCfg = Release|Win32
		{CB9616AC-F686-4E65-AA92-5816855A1910}.Release|Mixed Platforms.Build.0 = Release|Win32
		{CB9616AC-F686-4E65-AA92-5816855A1910}.Release|Win32.ActiveCfg = Release|Win32
		{CB9616AC-F686-4E65-AA92-5816855A1910}.Release|Win32.Build.0 = Release|Win32
		{CB9616AC-F686-4E65-AA92-5816855A1910}.Release|x86.ActiveCfg = Release|Win32
		{ED75AD9C-F1D0-40A9-A909-8CF696DE0410}.Debug|Any CPU.ActiveCfg = Debug|x86
		{ED75AD9C-F1D0-40A9-A909-8CF696DE0410}.Debug|Mixed Platforms.ActiveCfg = Debug|x86
		{ED75AD9C-F1D0-40A9-A909-8CF696DE0410}.Debug|Mixed Platforms.Build.0 = Debug|x86
		{ED75AD9C-F1D0-40A9-A909-8CF696DE0410}.Debug|Win32.ActiveCfg = Debug|x86
		{ED75AD9C-F1D0-40A9-A909-8CF696DE0410}.Debug|x86.ActiveCfg = Debug|x86
		{ED75AD9C-F1D0-40A9-A909-8CF696DE0410}.Debug|x86.Build.0 = Debug|x86
		{ED75AD9C-F1D0-40A9-A909-8CF696DE0410}.Release|Any CPU.ActiveCfg = Release|x86
		{ED75AD9C-F1D0-40A9-A909-8CF696DE0410}.Release|Any CPU.Build.0 = Release|x86
		{ED75AD9C-F1D0-40A9-A909-8CF696DE0410}.Release|Mixed Platforms.ActiveCfg = Release|x86
		{ED75AD9C-F1D0-40A9-A909-8CF696DE0410}.Release|Mixed Platforms.Build.0 = Release|x86
		{ED75AD9C-F1D0-40A9-A909-8CF696DE0410}.Release|Win32.ActiveCfg = Release|x86
		{ED75AD9C-F1D0-40A9-A909-8CF696DE0410}.Release|Win32.Build.0 = Release|x86
		{ED75AD9C-F1D0-40A9-A909-8CF696DE0410}.Release|x86.ActiveCfg = Release|x86
		{ED75AD9C-F1D0-40A9-A909-8CF696DE0410}.Release|x86.Build.0 = Release|x86
		{72A87F34-68CE-430A-8047-970E5EEDDD81}.Debug|Any CPU.ActiveCfg = Debug|Any CPU
		{72A87F34-68CE-430A-8047-970E5EEDDD81}.Debug|Any CPU.Build.0 = Debug|Any CPU
		{72A87F34-68CE-430A-8047-970E5EEDDD81}.Debug|Mixed Platforms.ActiveCfg = Debug|Any CPU
		{72A87F34-68CE-430A-8047-970E5EEDDD81}.Debug|Mixed Platforms.Build.0 = Debug|Any CPU
		{72A87F34-68CE-430A-8047-970E5EEDDD81}.Debug|Win32.ActiveCfg = Debug|Any CPU
		{72A87F34-68CE-430A-8047-970E5EEDDD81}.Debug|x86.ActiveCfg = Debug|Any CPU
		{72A87F34-68CE-430A-8047-970E5EEDDD81}.Release|Any CPU.ActiveCfg = Release|Any CPU
		{72A87F34-68CE-430A-8047-970E5EEDDD81}.Release|Any CPU.Build.0 = Release|Any CPU
		{72A87F34-68CE-430A-8047-970E5EEDDD81}.Release|Mixed Platforms.ActiveCfg = Release|Any CPU
		{72A87F34-68CE-430A-8047-970E5EEDDD81}.Release|Mixed Platforms.Build.0 = Release|Any CPU
		{72A87F34-68CE-430A-8047-970E5EEDDD81}.Release|Win32.ActiveCfg = Release|Any CPU
		{72A87F34-68CE-430A-8047-970E5EEDDD81}.Release|Win32.Build.0 = Release|Any CPU
		{72A87F34-68CE-430A-8047-970E5EEDDD81}.Release|x86.ActiveCfg = Release|Any CPU
		{DA3AC29F-CBA1-4EC6-A45A-3A46874D3968}.Debug|Any CPU.ActiveCfg = Debug|Win32
		{DA3AC29F-CBA1-4EC6-A45A-3A46874D3968}.Debug|Mixed Platforms.ActiveCfg = Debug|Win32
		{DA3AC29F-CBA1-4EC6-A45A-3A46874D3968}.Debug|Mixed Platforms.Build.0 = Debug|Win32
		{DA3AC29F-CBA1-4EC6-A45A-3A46874D3968}.Debug|Win32.ActiveCfg = Debug|Win32
		{DA3AC29F-CBA1-4EC6-A45A-3A46874D3968}.Debug|Win32.Build.0 = Debug|Win32
		{DA3AC29F-CBA1-4EC6-A45A-3A46874D3968}.Debug|x86.ActiveCfg = Debug|Win32
		{DA3AC29F-CBA1-4EC6-A45A-3A46874D3968}.Release|Any CPU.ActiveCfg = Release|Win32
		{DA3AC29F-CBA1-4EC6-A45A-3A46874D3968}.Release|Mixed Platforms.ActiveCfg = Release|Win32
		{DA3AC29F-CBA1-4EC6-A45A-3A46874D3968}.Release|Mixed Platforms.Build.0 = Release|Win32
		{DA3AC29F-CBA1-4EC6-A45A-3A46874D3968}.Release|Win32.ActiveCfg = Release|Win32
		{DA3AC29F-CBA1-4EC6-A45A-3A46874D3968}.Release|Win32.Build.0 = Release|Win32
		{DA3AC29F-CBA1-4EC6-A45A-3A46874D3968}.Release|x86.ActiveCfg = Release|Win32
		{ABBED088-C034-4DD8-84C3-4A62559E5535}.Debug|Any CPU.ActiveCfg = Debug|x86
		{ABBED088-C034-4DD8-84C3-4A62559E5535}.Debug|Mixed Platforms.ActiveCfg = Debug|x86
		{ABBED088-C034-4DD8-84C3-4A62559E5535}.Debug|Mixed Platforms.Build.0 = Debug|x86
		{ABBED088-C034-4DD8-84C3-4A62559E5535}.Debug|Win32.ActiveCfg = Debug|x86
		{ABBED088-C034-4DD8-84C3-4A62559E5535}.Debug|x86.ActiveCfg = Debug|x86
		{ABBED088-C034-4DD8-84C3-4A62559E5535}.Debug|x86.Build.0 = Debug|x86
		{ABBED088-C034-4DD8-84C3-4A62559E5535}.Release|Any CPU.ActiveCfg = Release|x86
		{ABBED088-C034-4DD8-84C3-4A62559E5535}.Release|Mixed Platforms.ActiveCfg = Release|x86
		{ABBED088-C034-4DD8-84C3-4A62559E5535}.Release|Mixed Platforms.Build.0 = Release|x86
		{ABBED088-C034-4DD8-84C3-4A62559E5535}.Release|Win32.ActiveCfg = Release|x86
		{ABBED088-C034-4DD8-84C3-4A62559E5535}.Release|Win32.Build.0 = Release|x86
		{ABBED088-C034-4DD8-84C3-4A62559E5535}.Release|x86.ActiveCfg = Release|x86
		{ABBED088-C034-4DD8-84C3-4A62559E5535}.Release|x86.Build.0 = Release|x86
		{EF31C7FF-4EB2-4943-8E7B-880C3D2681E9}.Debug|Any CPU.ActiveCfg = Debug|Win32
		{EF31C7FF-4EB2-4943-8E7B-880C3D2681E9}.Debug|Mixed Platforms.ActiveCfg = Debug|Win32
		{EF31C7FF-4EB2-4943-8E7B-880C3D2681E9}.Debug|Mixed Platforms.Build.0 = Debug|Win32
		{EF31C7FF-4EB2-4943-8E7B-880C3D2681E9}.Debug|Win32.ActiveCfg = Debug|Win32
		{EF31C7FF-4EB2-4943-8E7B-880C3D2681E9}.Debug|Win32.Build.0 = Debug|Win32
		{EF31C7FF-4EB2-4943-8E7B-880C3D2681E9}.Debug|x86.ActiveCfg = Debug|Win32
		{EF31C7FF-4EB2-4943-8E7B-880C3D2681E9}.Release|Any CPU.ActiveCfg = Release|Win32
		{EF31C7FF-4EB2-4943-8E7B-880C3D2681E9}.Release|Mixed Platforms.ActiveCfg = Release|Win32
		{EF31C7FF-4EB2-4943-8E7B-880C3D2681E9}.Release|Mixed Platforms.Build.0 = Release|Win32
		{EF31C7FF-4EB2-4943-8E7B-880C3D2681E9}.Release|Win32.ActiveCfg = Release|Win32
		{EF31C7FF-4EB2-4943-8E7B-880C3D2681E9}.Release|Win32.Build.0 = Release|Win32
		{EF31C7FF-4EB2-4943-8E7B-880C3D2681E9}.Release|x86.ActiveCfg = Release|Win32
		{39708419-5C18-4746-99FA-02682CF27621}.Debug|Any CPU.ActiveCfg = Debug|Win32
		{39708419-5C18-4746-99FA-02682CF27621}.Debug|Mixed Platforms.ActiveCfg = Debug|Win32
		{39708419-5C18-4746-99FA-02682CF27621}.Debug|Mixed Platforms.Build.0 = Debug|Win32
		{39708419-5C18-4746-99FA-02682CF27621}.Debug|Win32.ActiveCfg = Debug|Win32
		{39708419-5C18-4746-99FA-02682CF27621}.Debug|Win32.Build.0 = Debug|Win32
		{39708419-5C18-4746-99FA-02682CF27621}.Debug|x86.ActiveCfg = Debug|Win32
		{39708419-5C18-4746-99FA-02682CF27621}.Release|Any CPU.ActiveCfg = Release|Win32
		{39708419-5C18-4746-99FA-02682CF27621}.Release|Mixed Platforms.ActiveCfg = Release|Win32
		{39708419-5C18-4746-99FA-02682CF27621}.Release|Mixed Platforms.Build.0 = Release|Win32
		{39708419-5C18-4746-99FA-02682CF27621}.Release|Win32.ActiveCfg = Release|Win32
		{39708419-5C18-4746-99FA-02682CF27621}.Release|Win32.Build.0 = Release|Win32
		{39708419-5C18-4746-99FA-02682CF27621}.Release|x86.ActiveCfg = Release|Win32
		{C8587602-0BE2-4D57-8A1D-1EBCDD5878B6}.Debug|Any CPU.ActiveCfg = Debug|x86
		{C8587602-0BE2-4D57-8A1D-1EBCDD5878B6}.Debug|Mixed Platforms.ActiveCfg = Debug|x86
		{C8587602-0BE2-4D57-8A1D-1EBCDD5878B6}.Debug|Mixed Platforms.Build.0 = Debug|x86
		{C8587602-0BE2-4D57-8A1D-1EBCDD5878B6}.Debug|Win32.ActiveCfg = Debug|x86
		{C8587602-0BE2-4D57-8A1D-1EBCDD5878B6}.Debug|x86.ActiveCfg = Debug|x86
		{C8587602-0BE2-4D57-8A1D-1EBCDD5878B6}.Debug|x86.Build.0 = Debug|x86
		{C8587602-0BE2-4D57-8A1D-1EBCDD5878B6}.Release|Any CPU.ActiveCfg = Release|x86
		{C8587602-0BE2-4D57-8A1D-1EBCDD5878B6}.Release|Mixed Platforms.ActiveCfg = Release|x86
		{C8587602-0BE2-4D57-8A1D-1EBCDD5878B6}.Release|Mixed Platforms.Build.0 = Release|x86
		{C8587602-0BE2-4D57-8A1D-1EBCDD5878B6}.Release|Win32.ActiveCfg = Release|x86
		{C8587602-0BE2-4D57-8A1D-1EBCDD5878B6}.Release|Win32.Build.0 = Release|x86
		{C8587602-0BE2-4D57-8A1D-1EBCDD5878B6}.Release|x86.ActiveCfg = Release|x86
		{C8587602-0BE2-4D57-8A1D-1EBCDD5878B6}.Release|x86.Build.0 = Release|x86
		{30653877-67F5-40BB-A337-172049751AF4}.Debug|Any CPU.ActiveCfg = Debug|Win32
		{30653877-67F5-40BB-A337-172049751AF4}.Debug|Mixed Platforms.ActiveCfg = Debug|Win32
		{30653877-67F5-40BB-A337-172049751AF4}.Debug|Mixed Platforms.Build.0 = Debug|Win32
		{30653877-67F5-40BB-A337-172049751AF4}.Debug|Win32.ActiveCfg = Debug|Win32
		{30653877-67F5-40BB-A337-172049751AF4}.Debug|Win32.Build.0 = Debug|Win32
		{30653877-67F5-40BB-A337-172049751AF4}.Debug|x86.ActiveCfg = Debug|Win32
		{30653877-67F5-40BB-A337-172049751AF4}.Release|Any CPU.ActiveCfg = Release|Win32
		{30653877-67F5-40BB-A337-172049751AF4}.Release|Mixed Platforms.ActiveCfg = Release|Win32
		{30653877-67F5-40BB-A337-172049751AF4}.Release|Mixed Platforms.Build.0 = Release|Win32
		{30653877-67F5-40BB-A337-172049751AF4}.Release|Win32.ActiveCfg = Release|Win32
		{30653877-67F5-40BB-A337-172049751AF4}.Release|Win32.Build.0 = Release|Win32
		{30653877-67F5-40BB-A337-172049751AF4}.Release|x86.ActiveCfg = Release|Win32
		{8D73A1BE-868C-42D2-9ECE-F32CC1A02906}.Debug|Any CPU.ActiveCfg = Debug|x86
		{8D73A1BE-868C-42D2-9ECE-F32CC1A02906}.Debug|Mixed Platforms.ActiveCfg = Debug|x86
		{8D73A1BE-868C-42D2-9ECE-F32CC1A02906}.Debug|Mixed Platforms.Build.0 = Debug|x86
		{8D73A1BE-868C-42D2-9ECE-F32CC1A02906}.Debug|Win32.ActiveCfg = Debug|x86
		{8D73A1BE-868C-42D2-9ECE-F32CC1A02906}.Debug|x86.ActiveCfg = Debug|x86
		{8D73A1BE-868C-42D2-9ECE-F32CC1A02906}.Debug|x86.Build.0 = Debug|x86
		{8D73A1BE-868C-42D2-9ECE-F32CC1A02906}.Release|Any CPU.ActiveCfg = Release|x86
		{8D73A1BE-868C-42D2-9ECE-F32CC1A02906}.Release|Mixed Platforms.ActiveCfg = Release|x86
		{8D73A1BE-868C-42D2-9ECE-F32CC1A02906}.Release|Mixed Platforms.Build.0 = Release|x86
		{8D73A1BE-868C-42D2-9ECE-F32CC1A02906}.Release|Win32.ActiveCfg = Release|x86
		{8D73A1BE-868C-42D2-9ECE-F32CC1A02906}.Release|Win32.Build.0 = Release|x86
		{8D73A1BE-868C-42D2-9ECE-F32CC1A02906}.Release|x86.ActiveCfg = Release|x86
		{8D73A1BE-868C-42D2-9ECE-F32CC1A02906}.Release|x86.Build.0 = Release|x86
		{E46168F3-7243-4EF7-A19A-7E547832E69E}.Debug|Any CPU.ActiveCfg = Debug|x86
		{E46168F3-7243-4EF7-A19A-7E547832E69E}.Debug|Mixed Platforms.ActiveCfg = Debug|x86
		{E46168F3-7243-4EF7-A19A-7E547832E69E}.Debug|Mixed Platforms.Build.0 = Debug|x86
		{E46168F3-7243-4EF7-A19A-7E547832E69E}.Debug|Win32.ActiveCfg = Debug|x86
		{E46168F3-7243-4EF7-A19A-7E547832E69E}.Debug|x86.ActiveCfg = Debug|x86
		{E46168F3-7243-4EF7-A19A-7E547832E69E}.Debug|x86.Build.0 = Debug|x86
		{E46168F3-7243-4EF7-A19A-7E547832E69E}.Release|Any CPU.ActiveCfg = Release|x86
		{E46168F3-7243-4EF7-A19A-7E547832E69E}.Release|Mixed Platforms.ActiveCfg = Release|x86
		{E46168F3-7243-4EF7-A19A-7E547832E69E}.Release|Mixed Platforms.Build.0 = Release|x86
		{E46168F3-7243-4EF7-A19A-7E547832E69E}.Release|Win32.ActiveCfg = Release|x86
		{E46168F3-7243-4EF7-A19A-7E547832E69E}.Release|Win32.Build.0 = Release|x86
		{E46168F3-7243-4EF7-A19A-7E547832E69E}.Release|x86.ActiveCfg = Release|x86
		{E46168F3-7243-4EF7-A19A-7E547832E69E}.Release|x86.Build.0 = Release|x86
		{95526DAD-B421-4364-968F-59B1E082B22B}.Debug|Any CPU.ActiveCfg = Debug|x86
		{95526DAD-B421-4364-968F-59B1E082B22B}.Debug|Mixed Platforms.ActiveCfg = Debug|x86
		{95526DAD-B421-4364-968F-59B1E082B22B}.Debug|Mixed Platforms.Build.0 = Debug|x86
		{95526DAD-B421-4364-968F-59B1E082B22B}.Debug|Win32.ActiveCfg = Debug|x86
		{95526DAD-B421-4364-968F-59B1E082B22B}.Debug|x86.ActiveCfg = Debug|x86
		{95526DAD-B421-4364-968F-59B1E082B22B}.Debug|x86.Build.0 = Debug|x86
		{95526DAD-B421-4364-968F-59B1E082B22B}.Release|Any CPU.ActiveCfg = Release|x86
		{95526DAD-B421-4364-968F-59B1E082B22B}.Release|Mixed Platforms.ActiveCfg = Release|x86
		{95526DAD-B421-4364-968F-59B1E082B22B}.Release|Mixed Platforms.Build.0 = Release|x86
		{95526DAD-B421-4364-968F-59B1E082B22B}.Release|Win32.ActiveCfg = Release|x86
		{95526DAD-B421-4364-968F-59B1E082B22B}.Release|Win32.Build.0 = Release|x86
		{95526DAD-B421-4364-968F-59B1E082B22B}.Release|x86.ActiveCfg = Release|x86
		{95526DAD-B421-4364-968F-59B1E082B22B}.Release|x86.Build.0 = Release|x86
		{A12A2294-C0A6-4EB2-A41D-CF868FA14B8E}.Debug|Any CPU.ActiveCfg = Debug|x86
		{A12A2294-C0A6-4EB2-A41D-CF868FA14B8E}.Debug|Mixed Platforms.ActiveCfg = Debug|x86
		{A12A2294-C0A6-4EB2-A41D-CF868FA14B8E}.Debug|Mixed Platforms.Build.0 = Debug|x86
		{A12A2294-C0A6-4EB2-A41D-CF868FA14B8E}.Debug|Win32.ActiveCfg = Debug|x86
		{A12A2294-C0A6-4EB2-A41D-CF868FA14B8E}.Debug|x86.ActiveCfg = Debug|x86
		{A12A2294-C0A6-4EB2-A41D-CF868FA14B8E}.Debug|x86.Build.0 = Debug|x86
		{A12A2294-C0A6-4EB2-A41D-CF868FA14B8E}.Release|Any CPU.ActiveCfg = Release|x86
		{A12A2294-C0A6-4EB2-A41D-CF868FA14B8E}.Release|Mixed Platforms.ActiveCfg = Release|x86
		{A12A2294-C0A6-4EB2-A41D-CF868FA14B8E}.Release|Mixed Platforms.Build.0 = Release|x86
		{A12A2294-C0A6-4EB2-A41D-CF868FA14B8E}.Release|Win32.ActiveCfg = Release|x86
		{A12A2294-C0A6-4EB2-A41D-CF868FA14B8E}.Release|Win32.Build.0 = Release|x86
		{A12A2294-C0A6-4EB2-A41D-CF868FA14B8E}.Release|x86.ActiveCfg = Release|x86
		{A12A2294-C0A6-4EB2-A41D-CF868FA14B8E}.Release|x86.Build.0 = Release|x86
		{7CACE570-F298-4224-BFE0-B08D8CDC02D8}.Debug|Any CPU.ActiveCfg = Debug|Win32
		{7CACE570-F298-4224-BFE0-B08D8CDC02D8}.Debug|Mixed Platforms.ActiveCfg = Debug|Win32
		{7CACE570-F298-4224-BFE0-B08D8CDC02D8}.Debug|Mixed Platforms.Build.0 = Debug|Win32
		{7CACE570-F298-4224-BFE0-B08D8CDC02D8}.Debug|Win32.ActiveCfg = Debug|Win32
		{7CACE570-F298-4224-BFE0-B08D8CDC02D8}.Debug|Win32.Build.0 = Debug|Win32
		{7CACE570-F298-4224-BFE0-B08D8CDC02D8}.Debug|x86.ActiveCfg = Debug|Win32
		{7CACE570-F298-4224-BFE0-B08D8CDC02D8}.Release|Any CPU.ActiveCfg = Release|Win32
		{7CACE570-F298-4224-BFE0-B08D8CDC02D8}.Release|Mixed Platforms.ActiveCfg = Release|Win32
		{7CACE570-F298-4224-BFE0-B08D8CDC02D8}.Release|Mixed Platforms.Build.0 = Release|Win32
		{7CACE570-F298-4224-BFE0-B08D8CDC02D8}.Release|Win32.ActiveCfg = Release|Win32
		{7CACE570-F298-4224-BFE0-B08D8CDC02D8}.Release|Win32.Build.0 = Release|Win32
		{7CACE570-F298-4224-BFE0-B08D8CDC02D8}.Release|x86.ActiveCfg = Release|Win32
		{153B1D81-ABB3-4D43-A60D-EF379CCDEF53}.Debug|Any CPU.ActiveCfg = Debug|Win32
		{153B1D81-ABB3-4D43-A60D-EF379CCDEF53}.Debug|Mixed Platforms.ActiveCfg = Debug|Win32
		{153B1D81-ABB3-4D43-A60D-EF379CCDEF53}.Debug|Mixed Platforms.Build.0 = Debug|Win32
		{153B1D81-ABB3-4D43-A60D-EF379CCDEF53}.Debug|Win32.ActiveCfg = Debug|Win32
		{153B1D81-ABB3-4D43-A60D-EF379CCDEF53}.Debug|Win32.Build.0 = Debug|Win32
		{153B1D81-ABB3-4D43-A60D-EF379CCDEF53}.Debug|x86.ActiveCfg = Debug|Win32
		{153B1D81-ABB3-4D43-A60D-EF379CCDEF53}.Release|Any CPU.ActiveCfg = Release|Win32
		{153B1D81-ABB3-4D43-A60D-EF379CCDEF53}.Release|Mixed Platforms.ActiveCfg = Release|Win32
		{153B1D81-ABB3-4D43-A60D-EF379CCDEF53}.Release|Mixed Platforms.Build.0 = Release|Win32
		{153B1D81-ABB3-4D43-A60D-EF379CCDEF53}.Release|Win32.ActiveCfg = Release|Win32
		{153B1D81-ABB3-4D43-A60D-EF379CCDEF53}.Release|Win32.Build.0 = Release|Win32
		{153B1D81-ABB3-4D43-A60D-EF379CCDEF53}.Release|x86.ActiveCfg = Release|Win32
		{8F32617F-2809-4DA1-A35F-8A84F9B141C8}.Debug|Any CPU.ActiveCfg = Debug|x86
		{8F32617F-2809-4DA1-A35F-8A84F9B141C8}.Debug|Mixed Platforms.ActiveCfg = Debug|x86
		{8F32617F-2809-4DA1-A35F-8A84F9B141C8}.Debug|Mixed Platforms.Build.0 = Debug|x86
		{8F32617F-2809-4DA1-A35F-8A84F9B141C8}.Debug|Win32.ActiveCfg = Debug|x86
		{8F32617F-2809-4DA1-A35F-8A84F9B141C8}.Debug|x86.ActiveCfg = Debug|x86
		{8F32617F-2809-4DA1-A35F-8A84F9B141C8}.Debug|x86.Build.0 = Debug|x86
		{8F32617F-2809-4DA1-A35F-8A84F9B141C8}.Release|Any CPU.ActiveCfg = Release|x86
		{8F32617F-2809-4DA1-A35F-8A84F9B141C8}.Release|Mixed Platforms.ActiveCfg = Release|x86
		{8F32617F-2809-4DA1-A35F-8A84F9B141C8}.Release|Mixed Platforms.Build.0 = Release|x86
		{8F32617F-2809-4DA1-A35F-8A84F9B141C8}.Release|Win32.ActiveCfg = Release|x86
		{8F32617F-2809-4DA1-A35F-8A84F9B141C8}.Release|x86.ActiveCfg = Release|x86
		{8F32617F-2809-4DA1-A35F-8A84F9B141C8}.Release|x86.Build.0 = Release|x86
		{867A497A-A12F-41FC-929A-DE8F5D3AAEA8}.Debug|Any CPU.ActiveCfg = Debug|x86
		{867A497A-A12F-41FC-929A-DE8F5D3AAEA8}.Debug|Mixed Platforms.ActiveCfg = Debug|x86
		{867A497A-A12F-41FC-929A-DE8F5D3AAEA8}.Debug|Mixed Platforms.Build.0 = Debug|x86
		{867A497A-A12F-41FC-929A-DE8F5D3AAEA8}.Debug|Win32.ActiveCfg = Debug|x86
		{867A497A-A12F-41FC-929A-DE8F5D3AAEA8}.Debug|x86.ActiveCfg = Debug|x86
		{867A497A-A12F-41FC-929A-DE8F5D3AAEA8}.Debug|x86.Build.0 = Debug|x86
		{867A497A-A12F-41FC-929A-DE8F5D3AAEA8}.Release|Any CPU.ActiveCfg = Release|x86
		{867A497A-A12F-41FC-929A-DE8F5D3AAEA8}.Release|Mixed Platforms.ActiveCfg = Release|x86
		{867A497A-A12F-41FC-929A-DE8F5D3AAEA8}.Release|Mixed Platforms.Build.0 = Release|x86
		{867A497A-A12F-41FC-929A-DE8F5D3AAEA8}.Release|Win32.ActiveCfg = Release|x86
		{867A497A-A12F-41FC-929A-DE8F5D3AAEA8}.Release|x86.ActiveCfg = Release|x86
		{867A497A-A12F-41FC-929A-DE8F5D3AAEA8}.Release|x86.Build.0 = Release|x86
		{99A6A8BB-5959-473B-8C72-51367A687A63}.Debug|Any CPU.ActiveCfg = Debug|x86
		{99A6A8BB-5959-473B-8C72-51367A687A63}.Debug|Mixed Platforms.ActiveCfg = Debug|x86
		{99A6A8BB-5959-473B-8C72-51367A687A63}.Debug|Mixed Platforms.Build.0 = Debug|x86
		{99A6A8BB-5959-473B-8C72-51367A687A63}.Debug|Win32.ActiveCfg = Debug|x86
		{99A6A8BB-5959-473B-8C72-51367A687A63}.Debug|x86.ActiveCfg = Debug|x86
		{99A6A8BB-5959-473B-8C72-51367A687A63}.Debug|x86.Build.0 = Debug|x86
		{99A6A8BB-5959-473B-8C72-51367A687A63}.Release|Any CPU.ActiveCfg = Release|x86
		{99A6A8BB-5959-473B-8C72-51367A687A63}.Release|Mixed Platforms.ActiveCfg = Release|x86
		{99A6A8BB-5959-473B-8C72-51367A687A63}.Release|Mixed Platforms.Build.0 = Release|x86
		{99A6A8BB-5959-473B-8C72-51367A687A63}.Release|Win32.ActiveCfg = Release|x86
		{99A6A8BB-5959-473B-8C72-51367A687A63}.Release|x86.ActiveCfg = Release|x86
		{99A6A8BB-5959-473B-8C72-51367A687A63}.Release|x86.Build.0 = Release|x86
		{3E0C0E3D-ED49-4277-98DD-DD699CC56555}.Debug|Any CPU.ActiveCfg = Debug|x86
		{3E0C0E3D-ED49-4277-98DD-DD699CC56555}.Debug|Mixed Platforms.ActiveCfg = Debug|x86
		{3E0C0E3D-ED49-4277-98DD-DD699CC56555}.Debug|Mixed Platforms.Build.0 = Debug|x86
		{3E0C0E3D-ED49-4277-98DD-DD699CC56555}.Debug|Win32.ActiveCfg = Debug|x86
		{3E0C0E3D-ED49-4277-98DD-DD699CC56555}.Debug|x86.ActiveCfg = Debug|x86
		{3E0C0E3D-ED49-4277-98DD-DD699CC56555}.Debug|x86.Build.0 = Debug|x86
		{3E0C0E3D-ED49-4277-98DD-DD699CC56555}.Release|Any CPU.ActiveCfg = Release|x86
		{3E0C0E3D-ED49-4277-98DD-DD699CC56555}.Release|Mixed Platforms.ActiveCfg = Release|x86
		{3E0C0E3D-ED49-4277-98DD-DD699CC56555}.Release|Mixed Platforms.Build.0 = Release|x86
		{3E0C0E3D-ED49-4277-98DD-DD699CC56555}.Release|Win32.ActiveCfg = Release|x86
		{3E0C0E3D-ED49-4277-98DD-DD699CC56555}.Release|x86.ActiveCfg = Release|x86
		{3E0C0E3D-ED49-4277-98DD-DD699CC56555}.Release|x86.Build.0 = Release|x86
		{E35D3C42-2AE1-4B9B-87D4-E29400FC1FD3}.Debug|Any CPU.ActiveCfg = Debug|x86
		{E35D3C42-2AE1-4B9B-87D4-E29400FC1FD3}.Debug|Mixed Platforms.ActiveCfg = Debug|x86
		{E35D3C42-2AE1-4B9B-87D4-E29400FC1FD3}.Debug|Mixed Platforms.Build.0 = Debug|x86
		{E35D3C42-2AE1-4B9B-87D4-E29400FC1FD3}.Debug|Win32.ActiveCfg = Debug|x86
		{E35D3C42-2AE1-4B9B-87D4-E29400FC1FD3}.Debug|x86.ActiveCfg = Debug|x86
		{E35D3C42-2AE1-4B9B-87D4-E29400FC1FD3}.Debug|x86.Build.0 = Debug|x86
		{E35D3C42-2AE1-4B9B-87D4-E29400FC1FD3}.Release|Any CPU.ActiveCfg = Release|x86
		{E35D3C42-2AE1-4B9B-87D4-E29400FC1FD3}.Release|Mixed Platforms.ActiveCfg = Release|x86
		{E35D3C42-2AE1-4B9B-87D4-E29400FC1FD3}.Release|Mixed Platforms.Build.0 = Release|x86
		{E35D3C42-2AE1-4B9B-87D4-E29400FC1FD3}.Release|Win32.ActiveCfg = Release|x86
		{E35D3C42-2AE1-4B9B-87D4-E29400FC1FD3}.Release|x86.ActiveCfg = Release|x86
		{E35D3C42-2AE1-4B9B-87D4-E29400FC1FD3}.Release|x86.Build.0 = Release|x86
		{8B39B203-39E3-45FA-BDEE-C4BACBB07E3B}.Debug|Any CPU.ActiveCfg = Debug|x86
		{8B39B203-39E3-45FA-BDEE-C4BACBB07E3B}.Debug|Mixed Platforms.ActiveCfg = Debug|x86
		{8B39B203-39E3-45FA-BDEE-C4BACBB07E3B}.Debug|Mixed Platforms.Build.0 = Debug|x86
		{8B39B203-39E3-45FA-BDEE-C4BACBB07E3B}.Debug|Win32.ActiveCfg = Debug|x86
		{8B39B203-39E3-45FA-BDEE-C4BACBB07E3B}.Debug|x86.ActiveCfg = Debug|x86
		{8B39B203-39E3-45FA-BDEE-C4BACBB07E3B}.Debug|x86.Build.0 = Debug|x86
		{8B39B203-39E3-45FA-BDEE-C4BACBB07E3B}.Release|Any CPU.ActiveCfg = Release|x86
		{8B39B203-39E3-45FA-BDEE-C4BACBB07E3B}.Release|Mixed Platforms.ActiveCfg = Release|x86
		{8B39B203-39E3-45FA-BDEE-C4BACBB07E3B}.Release|Mixed Platforms.Build.0 = Release|x86
		{8B39B203-39E3-45FA-BDEE-C4BACBB07E3B}.Release|Win32.ActiveCfg = Release|x86
		{8B39B203-39E3-45FA-BDEE-C4BACBB07E3B}.Release|x86.ActiveCfg = Release|x86
		{8B39B203-39E3-45FA-BDEE-C4BACBB07E3B}.Release|x86.Build.0 = Release|x86
		{A9FAB8B3-7275-4EED-AB38-A495DD56CCEB}.Debug|Any CPU.ActiveCfg = Debug|x86
		{A9FAB8B3-7275-4EED-AB38-A495DD56CCEB}.Debug|Mixed Platforms.ActiveCfg = Debug|x86
		{A9FAB8B3-7275-4EED-AB38-A495DD56CCEB}.Debug|Mixed Platforms.Build.0 = Debug|x86
		{A9FAB8B3-7275-4EED-AB38-A495DD56CCEB}.Debug|Win32.ActiveCfg = Debug|x86
		{A9FAB8B3-7275-4EED-AB38-A495DD56CCEB}.Debug|x86.ActiveCfg = Debug|x86
		{A9FAB8B3-7275-4EED-AB38-A495DD56CCEB}.Debug|x86.Build.0 = Debug|x86
		{A9FAB8B3-7275-4EED-AB38-A495DD56CCEB}.Release|Any CPU.ActiveCfg = Release|x86
		{A9FAB8B3-7275-4EED-AB38-A495DD56CCEB}.Release|Mixed Platforms.ActiveCfg = Release|x86
		{A9FAB8B3-7275-4EED-AB38-A495DD56CCEB}.Release|Mixed Platforms.Build.0 = Release|x86
		{A9FAB8B3-7275-4EED-AB38-A495DD56CCEB}.Release|Win32.ActiveCfg = Release|x86
		{A9FAB8B3-7275-4EED-AB38-A495DD56CCEB}.Release|x86.ActiveCfg = Release|x86
		{A9FAB8B3-7275-4EED-AB38-A495DD56CCEB}.Release|x86.Build.0 = Release|x86
		{16E4CE4D-04E6-4D8F-B479-72427F36AA0E}.Debug|Any CPU.ActiveCfg = Debug|Win32
		{16E4CE4D-04E6-4D8F-B479-72427F36AA0E}.Debug|Mixed Platforms.ActiveCfg = Debug|Win32
		{16E4CE4D-04E6-4D8F-B479-72427F36AA0E}.Debug|Mixed Platforms.Build.0 = Debug|Win32
		{16E4CE4D-04E6-4D8F-B479-72427F36AA0E}.Debug|Win32.ActiveCfg = Debug|Win32
		{16E4CE4D-04E6-4D8F-B479-72427F36AA0E}.Debug|Win32.Build.0 = Debug|Win32
		{16E4CE4D-04E6-4D8F-B479-72427F36AA0E}.Debug|x86.ActiveCfg = Debug|Win32
		{16E4CE4D-04E6-4D8F-B479-72427F36AA0E}.Release|Any CPU.ActiveCfg = Release|Win32
		{16E4CE4D-04E6-4D8F-B479-72427F36AA0E}.Release|Mixed Platforms.ActiveCfg = Release|Win32
		{16E4CE4D-04E6-4D8F-B479-72427F36AA0E}.Release|Mixed Platforms.Build.0 = Release|Win32
		{16E4CE4D-04E6-4D8F-B479-72427F36AA0E}.Release|Win32.ActiveCfg = Release|Win32
		{16E4CE4D-04E6-4D8F-B479-72427F36AA0E}.Release|Win32.Build.0 = Release|Win32
		{16E4CE4D-04E6-4D8F-B479-72427F36AA0E}.Release|x86.ActiveCfg = Release|Win32
		{8B1EB1AF-9926-4AF4-9F01-A35C6DDD34A9}.Debug|Any CPU.ActiveCfg = Debug|Win32
		{8B1EB1AF-9926-4AF4-9F01-A35C6DDD34A9}.Debug|Mixed Platforms.ActiveCfg = Debug|Win32
		{8B1EB1AF-9926-4AF4-9F01-A35C6DDD34A9}.Debug|Mixed Platforms.Build.0 = Debug|Win32
		{8B1EB1AF-9926-4AF4-9F01-A35C6DDD34A9}.Debug|Win32.ActiveCfg = Debug|Win32
		{8B1EB1AF-9926-4AF4-9F01-A35C6DDD34A9}.Debug|Win32.Build.0 = Debug|Win32
		{8B1EB1AF-9926-4AF4-9F01-A35C6DDD34A9}.Debug|x86.ActiveCfg = Debug|Win32
		{8B1EB1AF-9926-4AF4-9F01-A35C6DDD34A9}.Release|Any CPU.ActiveCfg = Release|Win32
		{8B1EB1AF-9926-4AF4-9F01-A35C6DDD34A9}.Release|Mixed Platforms.ActiveCfg = Release|Win32
		{8B1EB1AF-9926-4AF4-9F01-A35C6DDD34A9}.Release|Mixed Platforms.Build.0 = Release|Win32
		{8B1EB1AF-9926-4AF4-9F01-A35C6DDD34A9}.Release|Win32.ActiveCfg = Release|Win32
		{8B1EB1AF-9926-4AF4-9F01-A35C6DDD34A9}.Release|Win32.Build.0 = Release|Win32
		{8B1EB1AF-9926-4AF4-9F01-A35C6DDD34A9}.Release|x86.ActiveCfg = Release|Win32
		{94F87C36-C15D-40CE-94A9-6EF9A041BE5A}.Debug|Any CPU.ActiveCfg = Debug|Any CPU
		{94F87C36-C15D-40CE-94A9-6EF9A041BE5A}.Debug|Any CPU.Build.0 = Debug|Any CPU
		{94F87C36-C15D-40CE-94A9-6EF9A041BE5A}.Debug|Mixed Platforms.ActiveCfg = Debug|Any CPU
		{94F87C36-C15D-40CE-94A9-6EF9A041BE5A}.Debug|Mixed Platforms.Build.0 = Debug|Any CPU
		{94F87C36-C15D-40CE-94A9-6EF9A041BE5A}.Debug|Win32.ActiveCfg = Debug|Any CPU
		{94F87C36-C15D-40CE-94A9-6EF9A041BE5A}.Debug|x86.ActiveCfg = Debug|Any CPU
		{94F87C36-C15D-40CE-94A9-6EF9A041BE5A}.Release|Any CPU.ActiveCfg = Release|Any CPU
		{94F87C36-C15D-40CE-94A9-6EF9A041BE5A}.Release|Any CPU.Build.0 = Release|Any CPU
		{94F87C36-C15D-40CE-94A9-6EF9A041BE5A}.Release|Mixed Platforms.ActiveCfg = Release|Any CPU
		{94F87C36-C15D-40CE-94A9-6EF9A041BE5A}.Release|Mixed Platforms.Build.0 = Release|Any CPU
		{94F87C36-C15D-40CE-94A9-6EF9A041BE5A}.Release|Win32.ActiveCfg = Release|Any CPU
		{94F87C36-C15D-40CE-94A9-6EF9A041BE5A}.Release|x86.ActiveCfg = Release|Any CPU
		{902F2679-F0FB-4C2E-BE0A-C8E8F7CEC35C}.Debug|Any CPU.ActiveCfg = Debug|Any CPU
		{902F2679-F0FB-4C2E-BE0A-C8E8F7CEC35C}.Debug|Any CPU.Build.0 = Debug|Any CPU
		{902F2679-F0FB-4C2E-BE0A-C8E8F7CEC35C}.Debug|Mixed Platforms.ActiveCfg = Debug|Any CPU
		{902F2679-F0FB-4C2E-BE0A-C8E8F7CEC35C}.Debug|Mixed Platforms.Build.0 = Debug|Any CPU
		{902F2679-F0FB-4C2E-BE0A-C8E8F7CEC35C}.Debug|Win32.ActiveCfg = Debug|Any CPU
		{902F2679-F0FB-4C2E-BE0A-C8E8F7CEC35C}.Debug|x86.ActiveCfg = Debug|Any CPU
		{902F2679-F0FB-4C2E-BE0A-C8E8F7CEC35C}.Release|Any CPU.ActiveCfg = Release|Any CPU
		{902F2679-F0FB-4C2E-BE0A-C8E8F7CEC35C}.Release|Any CPU.Build.0 = Release|Any CPU
		{902F2679-F0FB-4C2E-BE0A-C8E8F7CEC35C}.Release|Mixed Platforms.ActiveCfg = Release|Any CPU
		{902F2679-F0FB-4C2E-BE0A-C8E8F7CEC35C}.Release|Mixed Platforms.Build.0 = Release|Any CPU
		{902F2679-F0FB-4C2E-BE0A-C8E8F7CEC35C}.Release|Win32.ActiveCfg = Release|Any CPU
		{902F2679-F0FB-4C2E-BE0A-C8E8F7CEC35C}.Release|x86.ActiveCfg = Release|Any CPU
	EndGlobalSection
	GlobalSection(SolutionProperties) = preSolution
		HideSolutionNode = FALSE
	EndGlobalSection
	GlobalSection(NestedProjects) = preSolution
		{24E79FC6-7777-4BE5-8F11-8C53E109D745} = {D927C569-84A0-4663-AA24-2C7272695BD7}
		{95526DAD-B421-4364-968F-59B1E082B22B} = {5D500B72-555F-403D-B5D2-D28B411A2156}
		{0494ACA5-DB6C-4C0B-A610-6156C3EB7761} = {5D500B72-555F-403D-B5D2-D28B411A2156}
		{6119FBE1-E922-48F5-AAD2-B2E6B577C227} = {9B621DFB-41D8-45E2-9395-20A136D7A161}
		{622A787D-4ACE-4332-8D90-ACA3405CB10B} = {9B621DFB-41D8-45E2-9395-20A136D7A161}
		{38988610-F24B-4D5D-A51C-883629D197EE} = {9B621DFB-41D8-45E2-9395-20A136D7A161}
		{9D94A904-FE28-4616-A371-4D4110BDD3FC} = {9B621DFB-41D8-45E2-9395-20A136D7A161}
		{ED75AD9C-F1D0-40A9-A909-8CF696DE0410} = {9B621DFB-41D8-45E2-9395-20A136D7A161}
		{72A87F34-68CE-430A-8047-970E5EEDDD81} = {9B621DFB-41D8-45E2-9395-20A136D7A161}
		{ABBED088-C034-4DD8-84C3-4A62559E5535} = {9B621DFB-41D8-45E2-9395-20A136D7A161}
		{C8587602-0BE2-4D57-8A1D-1EBCDD5878B6} = {9B621DFB-41D8-45E2-9395-20A136D7A161}
		{A12A2294-C0A6-4EB2-A41D-CF868FA14B8E} = {9B621DFB-41D8-45E2-9395-20A136D7A161}
		{867A497A-A12F-41FC-929A-DE8F5D3AAEA8} = {9B621DFB-41D8-45E2-9395-20A136D7A161}
		{32D8CB30-CA97-4516-9114-121667C06013} = {9B621DFB-41D8-45E2-9395-20A136D7A161}
		{3E0C0E3D-ED49-4277-98DD-DD699CC56555} = {9B621DFB-41D8-45E2-9395-20A136D7A161}
		{A9FAB8B3-7275-4EED-AB38-A495DD56CCEB} = {9B621DFB-41D8-45E2-9395-20A136D7A161}
		{CB9616AC-F686-4E65-AA92-5816855A1910} = {55D3302D-F7A7-40D9-8DAF-7072F171C6A6}
		{DA3AC29F-CBA1-4EC6-A45A-3A46874D3968} = {55D3302D-F7A7-40D9-8DAF-7072F171C6A6}
		{EF31C7FF-4EB2-4943-8E7B-880C3D2681E9} = {55D3302D-F7A7-40D9-8DAF-7072F171C6A6}
		{39708419-5C18-4746-99FA-02682CF27621} = {55D3302D-F7A7-40D9-8DAF-7072F171C6A6}
		{8D73A1BE-868C-42D2-9ECE-F32CC1A02906} = {55D3302D-F7A7-40D9-8DAF-7072F171C6A6}
		{E46168F3-7243-4EF7-A19A-7E547832E69E} = {55D3302D-F7A7-40D9-8DAF-7072F171C6A6}
		{7CACE570-F298-4224-BFE0-B08D8CDC02D8} = {55D3302D-F7A7-40D9-8DAF-7072F171C6A6}
		{153B1D81-ABB3-4D43-A60D-EF379CCDEF53} = {55D3302D-F7A7-40D9-8DAF-7072F171C6A6}
		{EE757BA9-3018-40F6-A4BF-B801DD65FF66} = {55D3302D-F7A7-40D9-8DAF-7072F171C6A6}
		{99A6A8BB-5959-473B-8C72-51367A687A63} = {55D3302D-F7A7-40D9-8DAF-7072F171C6A6}
		{E35D3C42-2AE1-4B9B-87D4-E29400FC1FD3} = {55D3302D-F7A7-40D9-8DAF-7072F171C6A6}
		{8B39B203-39E3-45FA-BDEE-C4BACBB07E3B} = {55D3302D-F7A7-40D9-8DAF-7072F171C6A6}
		{16E4CE4D-04E6-4D8F-B479-72427F36AA0E} = {55D3302D-F7A7-40D9-8DAF-7072F171C6A6}
		{8B1EB1AF-9926-4AF4-9F01-A35C6DDD34A9} = {55D3302D-F7A7-40D9-8DAF-7072F171C6A6}
		{8F32617F-2809-4DA1-A35F-8A84F9B141C8} = {62A80090-1E03-41FD-8BBF-2FDC00358FBD}
		{94F87C36-C15D-40CE-94A9-6EF9A041BE5A} = {62A80090-1E03-41FD-8BBF-2FDC00358FBD}
		{902F2679-F0FB-4C2E-BE0A-C8E8F7CEC35C} = {62A80090-1E03-41FD-8BBF-2FDC00358FBD}
	EndGlobalSection
EndGlobal
